// !$*UTF8*$!
{
	archiveVersion = 1;
	classes = {
	};
	objectVersion = 56;
	objects = {

/* Begin PBXBuildFile section */
		D205067D2A7EE7F10057C45B /* testGitHubApiApp.swift in Sources */ = {isa = PBXBuildFile; fileRef = D205067C2A7EE7F10057C45B /* testGitHubApiApp.swift */; };
		D205067F2A7EE7F10057C45B /* ContentView.swift in Sources */ = {isa = PBXBuildFile; fileRef = D205067E2A7EE7F10057C45B /* ContentView.swift */; };
		D20506812A7EE7F50057C45B /* Assets.xcassets in Resources */ = {isa = PBXBuildFile; fileRef = D20506802A7EE7F50057C45B /* Assets.xcassets */; };
		D20506842A7EE7F50057C45B /* Preview Assets.xcassets in Resources */ = {isa = PBXBuildFile; fileRef = D20506832A7EE7F50057C45B /* Preview Assets.xcassets */; };
		D205068B2A7F7CAD0057C45B /* Network.swift in Sources */ = {isa = PBXBuildFile; fileRef = D205068A2A7F7CAD0057C45B /* Network.swift */; };
		D205068D2A7F87EE0057C45B /* UserModels.swift in Sources */ = {isa = PBXBuildFile; fileRef = D205068C2A7F87EE0057C45B /* UserModels.swift */; };
		D20506902A7FAFAD0057C45B /* ComposableArchitecture in Frameworks */ = {isa = PBXBuildFile; productRef = D205068F2A7FAFAD0057C45B /* ComposableArchitecture */; };
		D20506922A7FBA3D0057C45B /* Main.swift in Sources */ = {isa = PBXBuildFile; fileRef = D20506912A7FBA3D0057C45B /* Main.swift */; };
		D2A7FBF62A8197890061786A /* Profile.swift in Sources */ = {isa = PBXBuildFile; fileRef = D2A7FBF52A8197890061786A /* Profile.swift */; };
		D2A7FBF82A819A350061786A /* Settings.swift in Sources */ = {isa = PBXBuildFile; fileRef = D2A7FBF72A819A350061786A /* Settings.swift */; };
/* End PBXBuildFile section */

/* Begin PBXFileReference section */
		D20506792A7EE7F10057C45B /* testGitHubApi.app */ = {isa = PBXFileReference; explicitFileType = wrapper.application; includeInIndex = 0; path = testGitHubApi.app; sourceTree = BUILT_PRODUCTS_DIR; };
		D205067C2A7EE7F10057C45B /* testGitHubApiApp.swift */ = {isa = PBXFileReference; lastKnownFileType = sourcecode.swift; path = testGitHubApiApp.swift; sourceTree = "<group>"; };
		D205067E2A7EE7F10057C45B /* ContentView.swift */ = {isa = PBXFileReference; lastKnownFileType = sourcecode.swift; path = ContentView.swift; sourceTree = "<group>"; };
		D20506802A7EE7F50057C45B /* Assets.xcassets */ = {isa = PBXFileReference; lastKnownFileType = folder.assetcatalog; path = Assets.xcassets; sourceTree = "<group>"; };
		D20506832A7EE7F50057C45B /* Preview Assets.xcassets */ = {isa = PBXFileReference; lastKnownFileType = folder.assetcatalog; path = "Preview Assets.xcassets"; sourceTree = "<group>"; };
		D205068A2A7F7CAD0057C45B /* Network.swift */ = {isa = PBXFileReference; lastKnownFileType = sourcecode.swift; path = Network.swift; sourceTree = "<group>"; };
		D205068C2A7F87EE0057C45B /* UserModels.swift */ = {isa = PBXFileReference; lastKnownFileType = sourcecode.swift; path = UserModels.swift; sourceTree = "<group>"; };
		D20506912A7FBA3D0057C45B /* Main.swift */ = {isa = PBXFileReference; lastKnownFileType = sourcecode.swift; path = Main.swift; sourceTree = "<group>"; };
		D2A7FBF52A8197890061786A /* Profile.swift */ = {isa = PBXFileReference; lastKnownFileType = sourcecode.swift; path = Profile.swift; sourceTree = "<group>"; };
		D2A7FBF72A819A350061786A /* Settings.swift */ = {isa = PBXFileReference; lastKnownFileType = sourcecode.swift; path = Settings.swift; sourceTree = "<group>"; };
/* End PBXFileReference section */

/* Begin PBXFrameworksBuildPhase section */
		D20506762A7EE7F10057C45B /* Frameworks */ = {
			isa = PBXFrameworksBuildPhase;
			buildActionMask = 2147483647;
			files = (
				D20506902A7FAFAD0057C45B /* ComposableArchitecture in Frameworks */,
			);
			runOnlyForDeploymentPostprocessing = 0;
		};
/* End PBXFrameworksBuildPhase section */

/* Begin PBXGroup section */
		D20506702A7EE7F10057C45B = {
			isa = PBXGroup;
			children = (
				D205067B2A7EE7F10057C45B /* testGitHubApi */,
				D205067A2A7EE7F10057C45B /* Products */,
			);
			sourceTree = "<group>";
		};
		D205067A2A7EE7F10057C45B /* Products */ = {
			isa = PBXGroup;
			children = (
				D20506792A7EE7F10057C45B /* testGitHubApi.app */,
			);
			name = Products;
			sourceTree = "<group>";
		};
		D205067B2A7EE7F10057C45B /* testGitHubApi */ = {
			isa = PBXGroup;
			children = (
				D205067C2A7EE7F10057C45B /* testGitHubApiApp.swift */,
				D2A7FBF92A819A5B0061786A /* View */,
				D205068A2A7F7CAD0057C45B /* Network.swift */,
				D205068C2A7F87EE0057C45B /* UserModels.swift */,
				D20506802A7EE7F50057C45B /* Assets.xcassets */,
				D20506822A7EE7F50057C45B /* Preview Content */,
			);
			path = testGitHubApi;
			sourceTree = "<group>";
		};
		D20506822A7EE7F50057C45B /* Preview Content */ = {
			isa = PBXGroup;
			children = (
				D20506832A7EE7F50057C45B /* Preview Assets.xcassets */,
			);
			path = "Preview Content";
			sourceTree = "<group>";
		};
		D2A7FBF92A819A5B0061786A /* View */ = {
			isa = PBXGroup;
			children = (
				D205067E2A7EE7F10057C45B /* ContentView.swift */,
				D20506912A7FBA3D0057C45B /* Main.swift */,
				D2A7FBF52A8197890061786A /* Profile.swift */,
				D2A7FBF72A819A350061786A /* Settings.swift */,
			);
			path = View;
			sourceTree = "<group>";
		};
/* End PBXGroup section */

/* Begin PBXNativeTarget section */
		D20506782A7EE7F10057C45B /* testGitHubApi */ = {
			isa = PBXNativeTarget;
			buildConfigurationList = D20506872A7EE7F50057C45B /* Build configuration list for PBXNativeTarget "testGitHubApi" */;
			buildPhases = (
				D20506752A7EE7F10057C45B /* Sources */,
				D20506762A7EE7F10057C45B /* Frameworks */,
				D20506772A7EE7F10057C45B /* Resources */,
			);
			buildRules = (
			);
			dependencies = (
			);
			name = testGitHubApi;
			packageProductDependencies = (
				D205068F2A7FAFAD0057C45B /* ComposableArchitecture */,
			);
			productName = testGitHubApi;
			productReference = D20506792A7EE7F10057C45B /* testGitHubApi.app */;
			productType = "com.apple.product-type.application";
		};
/* End PBXNativeTarget section */

/* Begin PBXProject section */
		D20506712A7EE7F10057C45B /* Project object */ = {
			isa = PBXProject;
			attributes = {
				BuildIndependentTargetsInParallel = 1;
				LastSwiftUpdateCheck = 1420;
				LastUpgradeCheck = 1420;
				TargetAttributes = {
					D20506782A7EE7F10057C45B = {
						CreatedOnToolsVersion = 14.2;
					};
				};
			};
			buildConfigurationList = D20506742A7EE7F10057C45B /* Build configuration list for PBXProject "testGitHubApi" */;
			compatibilityVersion = "Xcode 14.0";
			developmentRegion = en;
			hasScannedForEncodings = 0;
			knownRegions = (
				en,
				Base,
			);
			mainGroup = D20506702A7EE7F10057C45B;
			packageReferences = (
				D205068E2A7FAFAD0057C45B /* XCRemoteSwiftPackageReference "swift-composable-architecture" */,
			);
			productRefGroup = D205067A2A7EE7F10057C45B /* Products */;
			projectDirPath = "";
			projectRoot = "";
			targets = (
				D20506782A7EE7F10057C45B /* testGitHubApi */,
			);
		};
/* End PBXProject section */

/* Begin PBXResourcesBuildPhase section */
		D20506772A7EE7F10057C45B /* Resources */ = {
			isa = PBXResourcesBuildPhase;
			buildActionMask = 2147483647;
			files = (
				D20506842A7EE7F50057C45B /* Preview Assets.xcassets in Resources */,
				D20506812A7EE7F50057C45B /* Assets.xcassets in Resources */,
			);
			runOnlyForDeploymentPostprocessing = 0;
		};
/* End PBXResourcesBuildPhase section */

/* Begin PBXSourcesBuildPhase section */
		D20506752A7EE7F10057C45B /* Sources */ = {
			isa = PBXSourcesBuildPhase;
			buildActionMask = 2147483647;
			files = (
				D20506922A7FBA3D0057C45B /* Main.swift in Sources */,
				D2A7FBF62A8197890061786A /* Profile.swift in Sources */,
				D205067F2A7EE7F10057C45B /* ContentView.swift in Sources */,
				D205067D2A7EE7F10057C45B /* testGitHubApiApp.swift in Sources */,
				D2A7FBF82A819A350061786A /* Settings.swift in Sources */,
				D205068D2A7F87EE0057C45B /* UserModels.swift in Sources */,
				D205068B2A7F7CAD0057C45B /* Network.swift in Sources */,
			);
			runOnlyForDeploymentPostprocessing = 0;
		};
/* End PBXSourcesBuildPhase section */

/* Begin XCBuildConfiguration section */
		D20506852A7EE7F50057C45B /* Debug */ = {
			isa = XCBuildConfiguration;
			buildSettings = {
				ALWAYS_SEARCH_USER_PATHS = NO;
				CLANG_ANALYZER_NONNULL = YES;
				CLANG_ANALYZER_NUMBER_OBJECT_CONVERSION = YES_AGGRESSIVE;
				CLANG_CXX_LANGUAGE_STANDARD = "gnu++20";
				CLANG_ENABLE_MODULES = YES;
				CLANG_ENABLE_OBJC_ARC = YES;
				CLANG_ENABLE_OBJC_WEAK = YES;
				CLANG_WARN_BLOCK_CAPTURE_AUTORELEASING = YES;
				CLANG_WARN_BOOL_CONVERSION = YES;
				CLANG_WARN_COMMA = YES;
				CLANG_WARN_CONSTANT_CONVERSION = YES;
				CLANG_WARN_DEPRECATED_OBJC_IMPLEMENTATIONS = YES;
				CLANG_WARN_DIRECT_OBJC_ISA_USAGE = YES_ERROR;
				CLANG_WARN_DOCUMENTATION_COMMENTS = YES;
				CLANG_WARN_EMPTY_BODY = YES;
				CLANG_WARN_ENUM_CONVERSION = YES;
				CLANG_WARN_INFINITE_RECURSION = YES;
				CLANG_WARN_INT_CONVERSION = YES;
				CLANG_WARN_NON_LITERAL_NULL_CONVERSION = YES;
				CLANG_WARN_OBJC_IMPLICIT_RETAIN_SELF = YES;
				CLANG_WARN_OBJC_LITERAL_CONVERSION = YES;
				CLANG_WARN_OBJC_ROOT_CLASS = YES_ERROR;
				CLANG_WARN_QUOTED_INCLUDE_IN_FRAMEWORK_HEADER = YES;
				CLANG_WARN_RANGE_LOOP_ANALYSIS = YES;
				CLANG_WARN_STRICT_PROTOTYPES = YES;
				CLANG_WARN_SUSPICIOUS_MOVE = YES;
				CLANG_WARN_UNGUARDED_AVAILABILITY = YES_AGGRESSIVE;
				CLANG_WARN_UNREACHABLE_CODE = YES;
				CLANG_WARN__DUPLICATE_METHOD_MATCH = YES;
				COPY_PHASE_STRIP = NO;
				DEBUG_INFORMATION_FORMAT = dwarf;
				ENABLE_STRICT_OBJC_MSGSEND = YES;
				ENABLE_TESTABILITY = YES;
				GCC_C_LANGUAGE_STANDARD = gnu11;
				GCC_DYNAMIC_NO_PIC = NO;
				GCC_NO_COMMON_BLOCKS = YES;
				GCC_OPTIMIZATION_LEVEL = 0;
				GCC_PREPROCESSOR_DEFINITIONS = (
					"DEBUG=1",
					"$(inherited)",
				);
				GCC_WARN_64_TO_32_BIT_CONVERSION = YES;
				GCC_WARN_ABOUT_RETURN_TYPE = YES_ERROR;
				GCC_WARN_UNDECLARED_SELECTOR = YES;
				GCC_WARN_UNINITIALIZED_AUTOS = YES_AGGRESSIVE;
				GCC_WARN_UNUSED_FUNCTION = YES;
				GCC_WARN_UNUSED_VARIABLE = YES;
				IPHONEOS_DEPLOYMENT_TARGET = 16.2;
				MTL_ENABLE_DEBUG_INFO = INCLUDE_SOURCE;
				MTL_FAST_MATH = YES;
				ONLY_ACTIVE_ARCH = YES;
				SDKROOT = iphoneos;
				SWIFT_ACTIVE_COMPILATION_CONDITIONS = DEBUG;
				SWIFT_OPTIMIZATION_LEVEL = "-Onone";
			};
			name = Debug;
		};
		D20506862A7EE7F50057C45B /* Release */ = {
			isa = XCBuildConfiguration;
			buildSettings = {
				ALWAYS_SEARCH_USER_PATHS = NO;
				CLANG_ANALYZER_NONNULL = YES;
				CLANG_ANALYZER_NUMBER_OBJECT_CONVERSION = YES_AGGRESSIVE;
				CLANG_CXX_LANGUAGE_STANDARD = "gnu++20";
				CLANG_ENABLE_MODULES = YES;
				CLANG_ENABLE_OBJC_ARC = YES;
				CLANG_ENABLE_OBJC_WEAK = YES;
				CLANG_WARN_BLOCK_CAPTURE_AUTORELEASING = YES;
				CLANG_WARN_BOOL_CONVERSION = YES;
				CLANG_WARN_COMMA = YES;
				CLANG_WARN_CONSTANT_CONVERSION = YES;
				CLANG_WARN_DEPRECATED_OBJC_IMPLEMENTATIONS = YES;
				CLANG_WARN_DIRECT_OBJC_ISA_USAGE = YES_ERROR;
				CLANG_WARN_DOCUMENTATION_COMMENTS = YES;
				CLANG_WARN_EMPTY_BODY = YES;
				CLANG_WARN_ENUM_CONVERSION = YES;
				CLANG_WARN_INFINITE_RECURSION = YES;
				CLANG_WARN_INT_CONVERSION = YES;
				CLANG_WARN_NON_LITERAL_NULL_CONVERSION = YES;
				CLANG_WARN_OBJC_IMPLICIT_RETAIN_SELF = YES;
				CLANG_WARN_OBJC_LITERAL_CONVERSION = YES;
				CLANG_WARN_OBJC_ROOT_CLASS = YES_ERROR;
				CLANG_WARN_QUOTED_INCLUDE_IN_FRAMEWORK_HEADER = YES;
				CLANG_WARN_RANGE_LOOP_ANALYSIS = YES;
				CLANG_WARN_STRICT_PROTOTYPES = YES;
				CLANG_WARN_SUSPICIOUS_MOVE = YES;
				CLANG_WARN_UNGUARDED_AVAILABILITY = YES_AGGRESSIVE;
				CLANG_WARN_UNREACHABLE_CODE = YES;
				CLANG_WARN__DUPLICATE_METHOD_MATCH = YES;
				COPY_PHASE_STRIP = NO;
				DEBUG_INFORMATION_FORMAT = "dwarf-with-dsym";
				ENABLE_NS_ASSERTIONS = NO;
				ENABLE_STRICT_OBJC_MSGSEND = YES;
				GCC_C_LANGUAGE_STANDARD = gnu11;
				GCC_NO_COMMON_BLOCKS = YES;
				GCC_WARN_64_TO_32_BIT_CONVERSION = YES;
				GCC_WARN_ABOUT_RETURN_TYPE = YES_ERROR;
				GCC_WARN_UNDECLARED_SELECTOR = YES;
				GCC_WARN_UNINITIALIZED_AUTOS = YES_AGGRESSIVE;
				GCC_WARN_UNUSED_FUNCTION = YES;
				GCC_WARN_UNUSED_VARIABLE = YES;
				IPHONEOS_DEPLOYMENT_TARGET = 16.2;
				MTL_ENABLE_DEBUG_INFO = NO;
				MTL_FAST_MATH = YES;
				SDKROOT = iphoneos;
				SWIFT_COMPILATION_MODE = wholemodule;
				SWIFT_OPTIMIZATION_LEVEL = "-O";
				VALIDATE_PRODUCT = YES;
			};
			name = Release;
		};
		D20506882A7EE7F50057C45B /* Debug */ = {
			isa = XCBuildConfiguration;
			buildSettings = {
				ASSETCATALOG_COMPILER_APPICON_NAME = AppIcon;
				ASSETCATALOG_COMPILER_GLOBAL_ACCENT_COLOR_NAME = AccentColor;
				CODE_SIGN_STYLE = Automatic;
				CURRENT_PROJECT_VERSION = 1;
				DEVELOPMENT_ASSET_PATHS = "\"testGitHubApi/Preview Content\"";
				DEVELOPMENT_TEAM = 3F7MU334Z2;
				ENABLE_PREVIEWS = YES;
				GENERATE_INFOPLIST_FILE = YES;
				INFOPLIST_KEY_UIApplicationSceneManifest_Generation = YES;
				INFOPLIST_KEY_UIApplicationSupportsIndirectInputEvents = YES;
				INFOPLIST_KEY_UILaunchScreen_Generation = YES;
				INFOPLIST_KEY_UISupportedInterfaceOrientations_iPad = "UIInterfaceOrientationPortrait UIInterfaceOrientationPortraitUpsideDown UIInterfaceOrientationLandscapeLeft UIInterfaceOrientationLandscapeRight";
				INFOPLIST_KEY_UISupportedInterfaceOrientations_iPhone = "UIInterfaceOrientationPortrait UIInterfaceOrientationLandscapeLeft UIInterfaceOrientationLandscapeRight";
				IPHONEOS_DEPLOYMENT_TARGET = 15.0;
				LD_RUNPATH_SEARCH_PATHS = (
					"$(inherited)",
					"@executable_path/Frameworks",
				);
				MARKETING_VERSION = 1.0;
				PRODUCT_BUNDLE_IDENTIFIER = ru.raiffeisen.testGitHubApi;
				PRODUCT_NAME = "$(TARGET_NAME)";
				SWIFT_EMIT_LOC_STRINGS = YES;
				SWIFT_VERSION = 5.0;
				TARGETED_DEVICE_FAMILY = "1,2";
			};
			name = Debug;
		};
		D20506892A7EE7F50057C45B /* Release */ = {
			isa = XCBuildConfiguration;
			buildSettings = {
				ASSETCATALOG_COMPILER_APPICON_NAME = AppIcon;
				ASSETCATALOG_COMPILER_GLOBAL_ACCENT_COLOR_NAME = AccentColor;
				CODE_SIGN_STYLE = Automatic;
				CURRENT_PROJECT_VERSION = 1;
				DEVELOPMENT_ASSET_PATHS = "\"testGitHubApi/Preview Content\"";
				DEVELOPMENT_TEAM = 3F7MU334Z2;
				ENABLE_PREVIEWS = YES;
				GENERATE_INFOPLIST_FILE = YES;
				INFOPLIST_KEY_UIApplicationSceneManifest_Generation = YES;
				INFOPLIST_KEY_UIApplicationSupportsIndirectInputEvents = YES;
				INFOPLIST_KEY_UILaunchScreen_Generation = YES;
				INFOPLIST_KEY_UISupportedInterfaceOrientations_iPad = "UIInterfaceOrientationPortrait UIInterfaceOrientationPortraitUpsideDown UIInterfaceOrientationLandscapeLeft UIInterfaceOrientationLandscapeRight";
				INFOPLIST_KEY_UISupportedInterfaceOrientations_iPhone = "UIInterfaceOrientationPortrait UIInterfaceOrientationLandscapeLeft UIInterfaceOrientationLandscapeRight";
				IPHONEOS_DEPLOYMENT_TARGET = 15.0;
				LD_RUNPATH_SEARCH_PATHS = (
					"$(inherited)",
					"@executable_path/Frameworks",
				);
				MARKETING_VERSION = 1.0;
				PRODUCT_BUNDLE_IDENTIFIER = ru.raiffeisen.testGitHubApi;
				PRODUCT_NAME = "$(TARGET_NAME)";
				SWIFT_EMIT_LOC_STRINGS = YES;
				SWIFT_VERSION = 5.0;
				TARGETED_DEVICE_FAMILY = "1,2";
			};
			name = Release;
		};
/* End XCBuildConfiguration section */

/* Begin XCConfigurationList section */
		D20506742A7EE7F10057C45B /* Build configuration list for PBXProject "testGitHubApi" */ = {
			isa = XCConfigurationList;
			buildConfigurations = (
				D20506852A7EE7F50057C45B /* Debug */,
				D20506862A7EE7F50057C45B /* Release */,
			);
			defaultConfigurationIsVisible = 0;
			defaultConfigurationName = Release;
		};
		D20506872A7EE7F50057C45B /* Build configuration list for PBXNativeTarget "testGitHubApi" */ = {
			isa = XCConfigurationList;
			buildConfigurations = (
				D20506882A7EE7F50057C45B /* Debug */,
				D20506892A7EE7F50057C45B /* Release */,
			);
			defaultConfigurationIsVisible = 0;
			defaultConfigurationName = Release;
		};
/* End XCConfigurationList section */

/* Begin XCRemoteSwiftPackageReference section */
		D205068E2A7FAFAD0057C45B /* XCRemoteSwiftPackageReference "swift-composable-architecture" */ = {
			isa = XCRemoteSwiftPackageReference;
			repositoryURL = "https://github.com/pointfreeco/swift-composable-architecture";
			requirement = {
				kind = upToNextMajorVersion;
				minimumVersion = 1.0.0;
			};
		};
/* End XCRemoteSwiftPackageReference section */

/* Begin XCSwiftPackageProductDependency section */
		D205068F2A7FAFAD0057C45B /* ComposableArchitecture */ = {
			isa = XCSwiftPackageProductDependency;
			package = D205068E2A7FAFAD0057C45B /* XCRemoteSwiftPackageReference "swift-composable-architecture" */;
			productName = ComposableArchitecture;
		};
/* End XCSwiftPackageProductDependency section */
	};
	rootObject = D20506712A7EE7F10057C45B /* Project object */;
}
